// !$*UTF8*$!
{
	archiveVersion = 1;
	classes = {
	};
	objectVersion = 56;
	objects = {

/* Begin PBXBuildFile section */
		433A6B192B07651000812CB6 /* WeatherApp.swift in Sources */ = {isa = PBXBuildFile; fileRef = 433A6B182B07651000812CB6 /* WeatherApp.swift */; };
		433A6B1B2B07651000812CB6 /* HomeView.swift in Sources */ = {isa = PBXBuildFile; fileRef = 433A6B1A2B07651000812CB6 /* HomeView.swift */; };
		433A6B1D2B07651100812CB6 /* Assets.xcassets in Resources */ = {isa = PBXBuildFile; fileRef = 433A6B1C2B07651100812CB6 /* Assets.xcassets */; };
		433A6B202B07651100812CB6 /* Preview Assets.xcassets in Resources */ = {isa = PBXBuildFile; fileRef = 433A6B1F2B07651100812CB6 /* Preview Assets.xcassets */; };
		433A6B282B07817400812CB6 /* WeatherButton.swift in Sources */ = {isa = PBXBuildFile; fileRef = 433A6B272B07817400812CB6 /* WeatherButton.swift */; };
		433A6B2E2B079D6E00812CB6 /* WeatherApi.swift in Sources */ = {isa = PBXBuildFile; fileRef = 433A6B2D2B079D6E00812CB6 /* WeatherApi.swift */; };
		433A6B4C2B08B54300812CB6 /* WeatherApiStruct.swift in Sources */ = {isa = PBXBuildFile; fileRef = 433A6B4B2B08B54200812CB6 /* WeatherApiStruct.swift */; };
		433A6B512B08B80000812CB6 /* WeatherManager.swift in Sources */ = {isa = PBXBuildFile; fileRef = 433A6B502B08B80000812CB6 /* WeatherManager.swift */; };
		433C0CAD2B0B5097005799ED /* AppSettings.swift in Sources */ = {isa = PBXBuildFile; fileRef = 433C0CAC2B0B5097005799ED /* AppSettings.swift */; };
		433C0CB12B0B5756005799ED /* WeatherApiToken.txt in Resources */ = {isa = PBXBuildFile; fileRef = 433C0CB02B0B5756005799ED /* WeatherApiToken.txt */; };
		433C0CB32B0B65D0005799ED /* DetailView.swift in Sources */ = {isa = PBXBuildFile; fileRef = 433C0CB22B0B65D0005799ED /* DetailView.swift */; };
		433C0CB52B0BC26A005799ED /* WeatherXmlParser.swift in Sources */ = {isa = PBXBuildFile; fileRef = 433C0CB42B0BC26A005799ED /* WeatherXmlParser.swift */; };
/* End PBXBuildFile section */

/* Begin PBXFileReference section */
		433A6B152B07651000812CB6 /* Weather.app */ = {isa = PBXFileReference; explicitFileType = wrapper.application; includeInIndex = 0; path = Weather.app; sourceTree = BUILT_PRODUCTS_DIR; };
		433A6B182B07651000812CB6 /* WeatherApp.swift */ = {isa = PBXFileReference; lastKnownFileType = sourcecode.swift; path = WeatherApp.swift; sourceTree = "<group>"; };
		433A6B1A2B07651000812CB6 /* HomeView.swift */ = {isa = PBXFileReference; lastKnownFileType = sourcecode.swift; path = HomeView.swift; sourceTree = "<group>"; };
		433A6B1C2B07651100812CB6 /* Assets.xcassets */ = {isa = PBXFileReference; lastKnownFileType = folder.assetcatalog; path = Assets.xcassets; sourceTree = "<group>"; };
		433A6B1F2B07651100812CB6 /* Preview Assets.xcassets */ = {isa = PBXFileReference; lastKnownFileType = folder.assetcatalog; path = "Preview Assets.xcassets"; sourceTree = "<group>"; };
		433A6B272B07817400812CB6 /* WeatherButton.swift */ = {isa = PBXFileReference; lastKnownFileType = sourcecode.swift; path = WeatherButton.swift; sourceTree = "<group>"; };
		433A6B2D2B079D6E00812CB6 /* WeatherApi.swift */ = {isa = PBXFileReference; lastKnownFileType = sourcecode.swift; path = WeatherApi.swift; sourceTree = "<group>"; };
		433A6B4B2B08B54200812CB6 /* WeatherApiStruct.swift */ = {isa = PBXFileReference; lastKnownFileType = sourcecode.swift; path = WeatherApiStruct.swift; sourceTree = "<group>"; };
		433A6B502B08B80000812CB6 /* WeatherManager.swift */ = {isa = PBXFileReference; lastKnownFileType = sourcecode.swift; path = WeatherManager.swift; sourceTree = "<group>"; };
		433C0CAC2B0B5097005799ED /* AppSettings.swift */ = {isa = PBXFileReference; lastKnownFileType = sourcecode.swift; path = AppSettings.swift; sourceTree = "<group>"; };
		433C0CB02B0B5756005799ED /* WeatherApiToken.txt */ = {isa = PBXFileReference; fileEncoding = 4; lastKnownFileType = text; path = WeatherApiToken.txt; sourceTree = "<group>"; };
		433C0CB22B0B65D0005799ED /* DetailView.swift */ = {isa = PBXFileReference; lastKnownFileType = sourcecode.swift; path = DetailView.swift; sourceTree = "<group>"; };
		433C0CB42B0BC26A005799ED /* WeatherXmlParser.swift */ = {isa = PBXFileReference; lastKnownFileType = sourcecode.swift; path = WeatherXmlParser.swift; sourceTree = "<group>"; };
/* End PBXFileReference section */

/* Begin PBXFrameworksBuildPhase section */
		433A6B122B07650F00812CB6 /* Frameworks */ = {
			isa = PBXFrameworksBuildPhase;
			buildActionMask = 2147483647;
			files = (
			);
			runOnlyForDeploymentPostprocessing = 0;
		};
/* End PBXFrameworksBuildPhase section */

/* Begin PBXGroup section */
		433A6B0C2B07650F00812CB6 = {
			isa = PBXGroup;
			children = (
				433A6B172B07651000812CB6 /* Weather */,
				433A6B162B07651000812CB6 /* Products */,
			);
			sourceTree = "<group>";
		};
		433A6B162B07651000812CB6 /* Products */ = {
			isa = PBXGroup;
			children = (
				433A6B152B07651000812CB6 /* Weather.app */,
			);
			name = Products;
			sourceTree = "<group>";
		};
		433A6B172B07651000812CB6 /* Weather */ = {
			isa = PBXGroup;
			children = (
				433A6B4E2B08B59D00812CB6 /* SupportingFile */,
				433A6B4D2B08B58F00812CB6 /* Model */,
				433A6B4F2B08B5A900812CB6 /* View */,
				433A6B1E2B07651100812CB6 /* Preview Content */,
			);
			path = Weather;
			sourceTree = "<group>";
		};
		433A6B1E2B07651100812CB6 /* Preview Content */ = {
			isa = PBXGroup;
			children = (
				433A6B1F2B07651100812CB6 /* Preview Assets.xcassets */,
			);
			path = "Preview Content";
			sourceTree = "<group>";
		};
		433A6B4D2B08B58F00812CB6 /* Model */ = {
			isa = PBXGroup;
			children = (
				433A6B4B2B08B54200812CB6 /* WeatherApiStruct.swift */,
				433A6B2D2B079D6E00812CB6 /* WeatherApi.swift */,
				433A6B502B08B80000812CB6 /* WeatherManager.swift */,
				433C0CB42B0BC26A005799ED /* WeatherXmlParser.swift */,
			);
			path = Model;
			sourceTree = "<group>";
		};
		433A6B4E2B08B59D00812CB6 /* SupportingFile */ = {
			isa = PBXGroup;
			children = (
				433A6B182B07651000812CB6 /* WeatherApp.swift */,
				433A6B1C2B07651100812CB6 /* Assets.xcassets */,
				433C0CAC2B0B5097005799ED /* AppSettings.swift */,
				433C0CB02B0B5756005799ED /* WeatherApiToken.txt */,
			);
			path = SupportingFile;
			sourceTree = "<group>";
		};
		433A6B4F2B08B5A900812CB6 /* View */ = {
			isa = PBXGroup;
			children = (
				433A6B1A2B07651000812CB6 /* HomeView.swift */,
				433C0CB22B0B65D0005799ED /* DetailView.swift */,
				433A6B272B07817400812CB6 /* WeatherButton.swift */,
			);
			path = View;
			sourceTree = "<group>";
		};
/* End PBXGroup section */

/* Begin PBXNativeTarget section */
		433A6B142B07650F00812CB6 /* Weather */ = {
			isa = PBXNativeTarget;
			buildConfigurationList = 433A6B232B07651100812CB6 /* Build configuration list for PBXNativeTarget "Weather" */;
			buildPhases = (
				433A6B112B07650F00812CB6 /* Sources */,
				433A6B122B07650F00812CB6 /* Frameworks */,
				433A6B132B07650F00812CB6 /* Resources */,
				433A6B2C2B0792EF00812CB6 /* ShellScript */,
			);
			buildRules = (
			);
			dependencies = (
			);
			name = Weather;
			packageProductDependencies = (
			);
			productName = Weather;
			productReference = 433A6B152B07651000812CB6 /* Weather.app */;
			productType = "com.apple.product-type.application";
		};
/* End PBXNativeTarget section */

/* Begin PBXProject section */
		433A6B0D2B07650F00812CB6 /* Project object */ = {
			isa = PBXProject;
			attributes = {
				BuildIndependentTargetsInParallel = 1;
				LastSwiftUpdateCheck = 1500;
				LastUpgradeCheck = 1500;
				TargetAttributes = {
					433A6B142B07650F00812CB6 = {
						CreatedOnToolsVersion = 15.0.1;
					};
				};
			};
			buildConfigurationList = 433A6B102B07650F00812CB6 /* Build configuration list for PBXProject "Weather" */;
			compatibilityVersion = "Xcode 14.0";
			developmentRegion = en;
			hasScannedForEncodings = 0;
			knownRegions = (
				en,
				Base,
			);
			mainGroup = 433A6B0C2B07650F00812CB6;
			packageReferences = (
			);
			productRefGroup = 433A6B162B07651000812CB6 /* Products */;
			projectDirPath = "";
			projectRoot = "";
			targets = (
				433A6B142B07650F00812CB6 /* Weather */,
			);
		};
/* End PBXProject section */

/* Begin PBXResourcesBuildPhase section */
		433A6B132B07650F00812CB6 /* Resources */ = {
			isa = PBXResourcesBuildPhase;
			buildActionMask = 2147483647;
			files = (
				433A6B202B07651100812CB6 /* Preview Assets.xcassets in Resources */,
				433C0CB12B0B5756005799ED /* WeatherApiToken.txt in Resources */,
				433A6B1D2B07651100812CB6 /* Assets.xcassets in Resources */,
			);
			runOnlyForDeploymentPostprocessing = 0;
		};
/* End PBXResourcesBuildPhase section */

/* Begin PBXShellScriptBuildPhase section */
		433A6B2C2B0792EF00812CB6 /* ShellScript */ = {
			isa = PBXShellScriptBuildPhase;
			alwaysOutOfDate = 1;
			buildActionMask = 2147483647;
			files = (
			);
			inputFileListPaths = (
			);
			inputPaths = (
			);
			outputFileListPaths = (
			);
			outputPaths = (
			);
			runOnlyForDeploymentPostprocessing = 0;
			shellPath = /bin/sh;
			shellScript = "if [[ \"$(uname -m)\" == arm64 ]]; then\n    export PATH=\"/opt/homebrew/bin:$PATH\"\nfi\n\nif which swiftlint > /dev/null; then\n  swiftlint\nelse\n  echo \"warning: SwiftLint not installed, download from https://github.com/realm/SwiftLint\"\nfi\n";
		};
/* End PBXShellScriptBuildPhase section */

/* Begin PBXSourcesBuildPhase section */
		433A6B112B07650F00812CB6 /* Sources */ = {
			isa = PBXSourcesBuildPhase;
			buildActionMask = 2147483647;
			files = (
				433A6B1B2B07651000812CB6 /* HomeView.swift in Sources */,
				433C0CB32B0B65D0005799ED /* DetailView.swift in Sources */,
				433C0CB52B0BC26A005799ED /* WeatherXmlParser.swift in Sources */,
				433A6B2E2B079D6E00812CB6 /* WeatherApi.swift in Sources */,
				433A6B512B08B80000812CB6 /* WeatherManager.swift in Sources */,
				433A6B192B07651000812CB6 /* WeatherApp.swift in Sources */,
				433A6B282B07817400812CB6 /* WeatherButton.swift in Sources */,
				433A6B4C2B08B54300812CB6 /* WeatherApiStruct.swift in Sources */,
				433C0CAD2B0B5097005799ED /* AppSettings.swift in Sources */,
			);
			runOnlyForDeploymentPostprocessing = 0;
		};
/* End PBXSourcesBuildPhase section */

/* Begin XCBuildConfiguration section */
		433A6B212B07651100812CB6 /* Debug */ = {
			isa = XCBuildConfiguration;
			buildSettings = {
				ALWAYS_SEARCH_USER_PATHS = NO;
				ASSETCATALOG_COMPILER_GENERATE_SWIFT_ASSET_SYMBOL_EXTENSIONS = YES;
				CLANG_ANALYZER_NONNULL = YES;
				CLANG_ANALYZER_NUMBER_OBJECT_CONVERSION = YES_AGGRESSIVE;
				CLANG_CXX_LANGUAGE_STANDARD = "gnu++20";
				CLANG_ENABLE_MODULES = YES;
				CLANG_ENABLE_OBJC_ARC = YES;
				CLANG_ENABLE_OBJC_WEAK = YES;
				CLANG_WARN_BLOCK_CAPTURE_AUTORELEASING = YES;
				CLANG_WARN_BOOL_CONVERSION = YES;
				CLANG_WARN_COMMA = YES;
				CLANG_WARN_CONSTANT_CONVERSION = YES;
				CLANG_WARN_DEPRECATED_OBJC_IMPLEMENTATIONS = YES;
				CLANG_WARN_DIRECT_OBJC_ISA_USAGE = YES_ERROR;
				CLANG_WARN_DOCUMENTATION_COMMENTS = YES;
				CLANG_WARN_EMPTY_BODY = YES;
				CLANG_WARN_ENUM_CONVERSION = YES;
				CLANG_WARN_INFINITE_RECURSION = YES;
				CLANG_WARN_INT_CONVERSION = YES;
				CLANG_WARN_NON_LITERAL_NULL_CONVERSION = YES;
				CLANG_WARN_OBJC_IMPLICIT_RETAIN_SELF = YES;
				CLANG_WARN_OBJC_LITERAL_CONVERSION = YES;
				CLANG_WARN_OBJC_ROOT_CLASS = YES_ERROR;
				CLANG_WARN_QUOTED_INCLUDE_IN_FRAMEWORK_HEADER = YES;
				CLANG_WARN_RANGE_LOOP_ANALYSIS = YES;
				CLANG_WARN_STRICT_PROTOTYPES = YES;
				CLANG_WARN_SUSPICIOUS_MOVE = YES;
				CLANG_WARN_UNGUARDED_AVAILABILITY = YES_AGGRESSIVE;
				CLANG_WARN_UNREACHABLE_CODE = YES;
				CLANG_WARN__DUPLICATE_METHOD_MATCH = YES;
				COPY_PHASE_STRIP = NO;
				DEBUG_INFORMATION_FORMAT = dwarf;
				ENABLE_STRICT_OBJC_MSGSEND = YES;
				ENABLE_TESTABILITY = YES;
				ENABLE_USER_SCRIPT_SANDBOXING = YES;
				GCC_C_LANGUAGE_STANDARD = gnu17;
				GCC_DYNAMIC_NO_PIC = NO;
				GCC_NO_COMMON_BLOCKS = YES;
				GCC_OPTIMIZATION_LEVEL = 0;
				GCC_PREPROCESSOR_DEFINITIONS = (
					"DEBUG=1",
					"$(inherited)",
				);
				GCC_WARN_64_TO_32_BIT_CONVERSION = YES;
				GCC_WARN_ABOUT_RETURN_TYPE = YES_ERROR;
				GCC_WARN_UNDECLARED_SELECTOR = YES;
				GCC_WARN_UNINITIALIZED_AUTOS = YES_AGGRESSIVE;
				GCC_WARN_UNUSED_FUNCTION = YES;
				GCC_WARN_UNUSED_VARIABLE = YES;
				IPHONEOS_DEPLOYMENT_TARGET = 17.0;
				LOCALIZATION_PREFERS_STRING_CATALOGS = YES;
				MTL_ENABLE_DEBUG_INFO = INCLUDE_SOURCE;
				MTL_FAST_MATH = YES;
				ONLY_ACTIVE_ARCH = YES;
				SDKROOT = iphoneos;
				SWIFT_ACTIVE_COMPILATION_CONDITIONS = "DEBUG $(inherited)";
				SWIFT_OPTIMIZATION_LEVEL = "-Onone";
			};
			name = Debug;
		};
		433A6B222B07651100812CB6 /* Release */ = {
			isa = XCBuildConfiguration;
			buildSettings = {
				ALWAYS_SEARCH_USER_PATHS = NO;
				ASSETCATALOG_COMPILER_GENERATE_SWIFT_ASSET_SYMBOL_EXTENSIONS = YES;
				CLANG_ANALYZER_NONNULL = YES;
				CLANG_ANALYZER_NUMBER_OBJECT_CONVERSION = YES_AGGRESSIVE;
				CLANG_CXX_LANGUAGE_STANDARD = "gnu++20";
				CLANG_ENABLE_MODULES = YES;
				CLANG_ENABLE_OBJC_ARC = YES;
				CLANG_ENABLE_OBJC_WEAK = YES;
				CLANG_WARN_BLOCK_CAPTURE_AUTORELEASING = YES;
				CLANG_WARN_BOOL_CONVERSION = YES;
				CLANG_WARN_COMMA = YES;
				CLANG_WARN_CONSTANT_CONVERSION = YES;
				CLANG_WARN_DEPRECATED_OBJC_IMPLEMENTATIONS = YES;
				CLANG_WARN_DIRECT_OBJC_ISA_USAGE = YES_ERROR;
				CLANG_WARN_DOCUMENTATION_COMMENTS = YES;
				CLANG_WARN_EMPTY_BODY = YES;
				CLANG_WARN_ENUM_CONVERSION = YES;
				CLANG_WARN_INFINITE_RECURSION = YES;
				CLANG_WARN_INT_CONVERSION = YES;
				CLANG_WARN_NON_LITERAL_NULL_CONVERSION = YES;
				CLANG_WARN_OBJC_IMPLICIT_RETAIN_SELF = YES;
				CLANG_WARN_OBJC_LITERAL_CONVERSION = YES;
				CLANG_WARN_OBJC_ROOT_CLASS = YES_ERROR;
				CLANG_WARN_QUOTED_INCLUDE_IN_FRAMEWORK_HEADER = YES;
				CLANG_WARN_RANGE_LOOP_ANALYSIS = YES;
				CLANG_WARN_STRICT_PROTOTYPES = YES;
				CLANG_WARN_SUSPICIOUS_MOVE = YES;
				CLANG_WARN_UNGUARDED_AVAILABILITY = YES_AGGRESSIVE;
				CLANG_WARN_UNREACHABLE_CODE = YES;
				CLANG_WARN__DUPLICATE_METHOD_MATCH = YES;
				COPY_PHASE_STRIP = NO;
				DEBUG_INFORMATION_FORMAT = "dwarf-with-dsym";
				ENABLE_NS_ASSERTIONS = NO;
				ENABLE_STRICT_OBJC_MSGSEND = YES;
				ENABLE_USER_SCRIPT_SANDBOXING = YES;
				GCC_C_LANGUAGE_STANDARD = gnu17;
				GCC_NO_COMMON_BLOCKS = YES;
				GCC_WARN_64_TO_32_BIT_CONVERSION = YES;
				GCC_WARN_ABOUT_RETURN_TYPE = YES_ERROR;
				GCC_WARN_UNDECLARED_SELECTOR = YES;
				GCC_WARN_UNINITIALIZED_AUTOS = YES_AGGRESSIVE;
				GCC_WARN_UNUSED_FUNCTION = YES;
				GCC_WARN_UNUSED_VARIABLE = YES;
				IPHONEOS_DEPLOYMENT_TARGET = 17.0;
				LOCALIZATION_PREFERS_STRING_CATALOGS = YES;
				MTL_ENABLE_DEBUG_INFO = NO;
				MTL_FAST_MATH = YES;
				SDKROOT = iphoneos;
				SWIFT_COMPILATION_MODE = wholemodule;
				VALIDATE_PRODUCT = YES;
			};
			name = Release;
		};
		433A6B242B07651100812CB6 /* Debug */ = {
			isa = XCBuildConfiguration;
			buildSettings = {
				ASSETCATALOG_COMPILER_APPICON_NAME = AppIcon;
				ASSETCATALOG_COMPILER_GLOBAL_ACCENT_COLOR_NAME = AccentColor;
				CODE_SIGN_STYLE = Automatic;
				CURRENT_PROJECT_VERSION = 1;
				DEVELOPMENT_ASSET_PATHS = "\"Weather/Preview Content\"";
				DEVELOPMENT_TEAM = 5F49D5L775;
				ENABLE_PREVIEWS = YES;
				ENABLE_USER_SCRIPT_SANDBOXING = NO;
				GENERATE_INFOPLIST_FILE = YES;
				INFOPLIST_KEY_UIApplicationSceneManifest_Generation = YES;
				INFOPLIST_KEY_UIApplicationSupportsIndirectInputEvents = YES;
				INFOPLIST_KEY_UILaunchScreen_Generation = YES;
				INFOPLIST_KEY_UISupportedInterfaceOrientations_iPad = "UIInterfaceOrientationPortrait UIInterfaceOrientationPortraitUpsideDown UIInterfaceOrientationLandscapeLeft UIInterfaceOrientationLandscapeRight";
				INFOPLIST_KEY_UISupportedInterfaceOrientations_iPhone = "UIInterfaceOrientationPortrait UIInterfaceOrientationLandscapeLeft UIInterfaceOrientationLandscapeRight";
				IPHONEOS_DEPLOYMENT_TARGET = 17.0;
				LD_RUNPATH_SEARCH_PATHS = (
					"$(inherited)",
					"@executable_path/Frameworks",
				);
				MARKETING_VERSION = 1.0;
				OTHER_SWIFT_FLAGS = "-DJSON_API";
				PRODUCT_BUNDLE_IDENTIFIER = com.benjaminlefrancois.Weather;
				PRODUCT_NAME = "$(TARGET_NAME)";
				SWIFT_EMIT_LOC_STRINGS = YES;
				SWIFT_VERSION = 5.0;
				TARGETED_DEVICE_FAMILY = "1,2";
			};
			name = Debug;
		};
		433A6B252B07651100812CB6 /* Release */ = {
			isa = XCBuildConfiguration;
			buildSettings = {
				ASSETCATALOG_COMPILER_APPICON_NAME = AppIcon;
				ASSETCATALOG_COMPILER_GLOBAL_ACCENT_COLOR_NAME = AccentColor;
				CODE_SIGN_STYLE = Automatic;
				CURRENT_PROJECT_VERSION = 1;
				DEVELOPMENT_ASSET_PATHS = "\"Weather/Preview Content\"";
				DEVELOPMENT_TEAM = 5F49D5L775;
				ENABLE_PREVIEWS = YES;
				ENABLE_USER_SCRIPT_SANDBOXING = NO;
				GENERATE_INFOPLIST_FILE = YES;
				INFOPLIST_KEY_UIApplicationSceneManifest_Generation = YES;
				INFOPLIST_KEY_UIApplicationSupportsIndirectInputEvents = YES;
				INFOPLIST_KEY_UILaunchScreen_Generation = YES;
				INFOPLIST_KEY_UISupportedInterfaceOrientations_iPad = "UIInterfaceOrientationPortrait UIInterfaceOrientationPortraitUpsideDown UIInterfaceOrientationLandscapeLeft UIInterfaceOrientationLandscapeRight";
				INFOPLIST_KEY_UISupportedInterfaceOrientations_iPhone = "UIInterfaceOrientationPortrait UIInterfaceOrientationLandscapeLeft UIInterfaceOrientationLandscapeRight";
				IPHONEOS_DEPLOYMENT_TARGET = 17.0;
				LD_RUNPATH_SEARCH_PATHS = (
					"$(inherited)",
					"@executable_path/Frameworks",
				);
				MARKETING_VERSION = 1.0;
				OTHER_SWIFT_FLAGS = "-DJSON_API";
				PRODUCT_BUNDLE_IDENTIFIER = com.benjaminlefrancois.Weather;
				PRODUCT_NAME = "$(TARGET_NAME)";
				SWIFT_EMIT_LOC_STRINGS = YES;
				SWIFT_VERSION = 5.0;
				TARGETED_DEVICE_FAMILY = "1,2";
			};
			name = Release;
		};
/* End XCBuildConfiguration section */

/* Begin XCConfigurationList section */
		433A6B102B07650F00812CB6 /* Build configuration list for PBXProject "Weather" */ = {
			isa = XCConfigurationList;
			buildConfigurations = (
				433A6B212B07651100812CB6 /* Debug */,
				433A6B222B07651100812CB6 /* Release */,
			);
			defaultConfigurationIsVisible = 0;
			defaultConfigurationName = Release;
		};
		433A6B232B07651100812CB6 /* Build configuration list for PBXNativeTarget "Weather" */ = {
			isa = XCConfigurationList;
			buildConfigurations = (
				433A6B242B07651100812CB6 /* Debug */,
				433A6B252B07651100812CB6 /* Release */,
			);
			defaultConfigurationIsVisible = 0;
			defaultConfigurationName = Release;
		};
/* End XCConfigurationList section */
	};
	rootObject = 433A6B0D2B07650F00812CB6 /* Project object */;
}
